{
  "lockfileVersion": 1,
  "configVersion": 1,
  "workspaces": {
    "": {
      "name": "stint",
      "devDependencies": {
        "@j178/prek": "^0.3.2",
        "rust-just": "^1.46.0",
      },
    },
  },
  "packages": {
    "@isaacs/balanced-match": ["@isaacs/balanced-match@4.0.1", "", {}, "sha512-yzMTt9lEb8Gv7zRioUilSglI0c0smZ9k5D65677DLWLtWJaXIS3CqcGyUFByYKlnUj6TkjLVs54fBl6+TiGQDQ=="],

    "@isaacs/brace-expansion": ["@isaacs/brace-expansion@5.0.1", "", { "dependencies": { "@isaacs/balanced-match": "^4.0.1" } }, "sha512-WMz71T1JS624nWj2n2fnYAuPovhv7EUhk69R6i9dsVyzxt5eM3bjwvgk9L+APE1TRscGysAVMANkB0jh0LQZrQ=="],

    "@j178/prek": ["@j178/prek@0.3.2", "", { "dependencies": { "axios": "^1.13.2", "axios-proxy-builder": "^0.1.2", "console.table": "^0.10.0", "detect-libc": "^2.1.2", "rimraf": "^6.1.2" }, "bin": { "prek": "run-prek.js" } }, "sha512-8p6oc+uePwrqdv4qNqOlmM1qqCtezwsfUu2PKAPrwsfcRzIzodtp7zmygcf9x9Nrtdtq3AIDsuwR0pvXzwNYYg=="],

    "@sec-ant/readable-stream": ["@sec-ant/readable-stream@0.4.1", "", {}, "sha512-831qok9r2t8AlxLko40y2ebgSDhenenCatLVeW/uBtnHPyhHOvG0C7TvfgecV+wHzIm5KUICgzmVpWS+IMEAeg=="],

    "@sindresorhus/merge-streams": ["@sindresorhus/merge-streams@4.0.0", "", {}, "sha512-tlqY9xq5ukxTUZBmoOp+m61cqwQD5pHJtFY3Mn8CA8ps6yghLH/Hw8UPdqg4OLmFW3IFlcXnQNmo/dh8HzXYIQ=="],

    "ansi-regex": ["ansi-regex@6.2.2", "", {}, "sha512-Bq3SmSpyFHaWjPk8If9yc6svM8c56dB5BAtW4Qbw5jHTwwXXcTLoRMkpDJp6VL0XzlWaCHTXrkFURMYmD0sLqg=="],

    "ansi-styles": ["ansi-styles@6.2.3", "", {}, "sha512-4Dj6M28JB+oAH8kFkTLUo+a2jwOFkuqb3yucU0CANcRRUbxS0cP0nZYCGjcc3BNXwRIsUVmDGgzawme7zvJHvg=="],

    "asynckit": ["asynckit@0.4.0", "", {}, "sha512-Oei9OH4tRh0YqU3GxhX79dM/mwVgvbZJaSNaRk+bshkj0S5cfHcgYakreBjrHwatXKbz+IoIdYLxrKim2MjW0Q=="],

    "axios": ["axios@1.13.5", "", { "dependencies": { "follow-redirects": "^1.15.11", "form-data": "^4.0.5", "proxy-from-env": "^1.1.0" } }, "sha512-cz4ur7Vb0xS4/KUN0tPWe44eqxrIu31me+fbang3ijiNscE129POzipJJA6zniq2C/Z6sJCjMimjS8Lc/GAs8Q=="],

    "axios-proxy-builder": ["axios-proxy-builder@0.1.2", "", { "dependencies": { "tunnel": "^0.0.6" } }, "sha512-6uBVsBZzkB3tCC8iyx59mCjQckhB8+GQrI9Cop8eC7ybIsvs/KtnNgEBfRMSEa7GqK2VBGUzgjNYMdPIfotyPA=="],

    "call-bind-apply-helpers": ["call-bind-apply-helpers@1.0.2", "", { "dependencies": { "es-errors": "^1.3.0", "function-bind": "^1.1.2" } }, "sha512-Sp1ablJ0ivDkSzjcaJdxEunN5/XvksFJ2sMBFfq6x0ryhQV/2b/KwFe21cMpmHtPOSij8K99/wSfoEuTObmuMQ=="],

    "cliui": ["cliui@9.0.1", "", { "dependencies": { "string-width": "^7.2.0", "strip-ansi": "^7.1.0", "wrap-ansi": "^9.0.0" } }, "sha512-k7ndgKhwoQveBL+/1tqGJYNz097I7WOvwbmmU2AR5+magtbjPWQTS1C5vzGkBC8Ym8UWRzfKUzUUqFLypY4Q+w=="],

    "clone": ["clone@1.0.4", "", {}, "sha512-JQHZ2QMW6l3aH/j6xCqQThY/9OH4D/9ls34cgkUBiEeocRTU04tHfKPBsUK1PqZCUQM7GiA0IIXJSuXHI64Kbg=="],

    "combined-stream": ["combined-stream@1.0.8", "", { "dependencies": { "delayed-stream": "~1.0.0" } }, "sha512-FQN4MRfuJeHf7cBbBMJFXhKSDq+2kAArBlmRBvcvFE5BB1HZKXtSFASDhdlz9zOYwxh8lDdnvmMOe/+5cdoEdg=="],

    "console.table": ["console.table@0.10.0", "", { "dependencies": { "easy-table": "1.1.0" } }, "sha512-dPyZofqggxuvSf7WXvNjuRfnsOk1YazkVP8FdxH4tcH2c37wc79/Yl6Bhr7Lsu00KMgy2ql/qCMuNu8xctZM8g=="],

    "cross-spawn": ["cross-spawn@7.0.6", "", { "dependencies": { "path-key": "^3.1.0", "shebang-command": "^2.0.0", "which": "^2.0.1" } }, "sha512-uV2QOWP2nWzsy2aMp8aRibhi9dlzF5Hgh5SHaB9OiTGEyDTiJJyx0uy51QXdyWbtAHNua4XJzUKca3OzKUd3vA=="],

    "defaults": ["defaults@1.0.4", "", { "dependencies": { "clone": "^1.0.2" } }, "sha512-eFuaLoy/Rxalv2kr+lqMlUnrDWV+3j4pljOIJgLIhI058IQfWJ7vXhyEIHu+HtC738klGALYxOKDO0bQP3tg8A=="],

    "delayed-stream": ["delayed-stream@1.0.0", "", {}, "sha512-ZySD7Nf91aLB0RxL4KGrKHBXl7Eds1DAmEdcoVawXnLD7SDhpNgtuII2aAkg7a7QS41jxPSZ17p4VdGnMHk3MQ=="],

    "detect-libc": ["detect-libc@2.1.2", "", {}, "sha512-Btj2BOOO83o3WyH59e8MgXsxEQVcarkUOpEYrubB0urwnN10yQ364rsiByU11nZlqWYZm05i/of7io4mzihBtQ=="],

    "dunder-proto": ["dunder-proto@1.0.1", "", { "dependencies": { "call-bind-apply-helpers": "^1.0.1", "es-errors": "^1.3.0", "gopd": "^1.2.0" } }, "sha512-KIN/nDJBQRcXw0MLVhZE9iQHmG68qAVIBg9CqmUYjmQIhgij9U5MFvrqkUL5FbtyyzZuOeOt0zdeRe4UY7ct+A=="],

    "easy-table": ["easy-table@1.1.0", "", { "optionalDependencies": { "wcwidth": ">=1.0.1" } }, "sha512-oq33hWOSSnl2Hoh00tZWaIPi1ievrD9aFG82/IgjlycAnW9hHx5PkJiXpxPsgEE+H7BsbVQXFVFST8TEXS6/pA=="],

    "emoji-regex": ["emoji-regex@10.6.0", "", {}, "sha512-toUI84YS5YmxW219erniWD0CIVOo46xGKColeNQRgOzDorgBi1v4D71/OFzgD9GO2UGKIv1C3Sp8DAn0+j5w7A=="],

    "es-define-property": ["es-define-property@1.0.1", "", {}, "sha512-e3nRfgfUZ4rNGL232gUgX06QNyyez04KdjFrF+LTRoOXmrOgFKDg4BCdsjW8EnT69eqdYGmRpJwiPVYNrCaW3g=="],

    "es-errors": ["es-errors@1.3.0", "", {}, "sha512-Zf5H2Kxt2xjTvbJvP2ZWLEICxA6j+hAmMzIlypy4xcBg1vKVnx89Wy0GbS+kf5cwCVFFzdCFh2XSCFNULS6csw=="],

    "es-object-atoms": ["es-object-atoms@1.1.1", "", { "dependencies": { "es-errors": "^1.3.0" } }, "sha512-FGgH2h8zKNim9ljj7dankFPcICIK9Cp5bm+c2gQSYePhpaG5+esrLODihIorn+Pe6FGJzWhXQotPv73jTaldXA=="],

    "es-set-tostringtag": ["es-set-tostringtag@2.1.0", "", { "dependencies": { "es-errors": "^1.3.0", "get-intrinsic": "^1.2.6", "has-tostringtag": "^1.0.2", "hasown": "^2.0.2" } }, "sha512-j6vWzfrGVfyXxge+O0x5sh6cvxAog0a/4Rdd2K36zCMV5eJ+/+tOAngRO8cODMNWbVRdVlmGZQL2YS3yR8bIUA=="],

    "escalade": ["escalade@3.2.0", "", {}, "sha512-WUj2qlxaQtO4g6Pq5c29GTcWGDyd8itL8zTlipgECz3JesAiiOKotd8JU6otB3PACgG6xkJUyVhboMS+bje/jA=="],

    "execa": ["execa@9.6.1", "", { "dependencies": { "@sindresorhus/merge-streams": "^4.0.0", "cross-spawn": "^7.0.6", "figures": "^6.1.0", "get-stream": "^9.0.0", "human-signals": "^8.0.1", "is-plain-obj": "^4.1.0", "is-stream": "^4.0.1", "npm-run-path": "^6.0.0", "pretty-ms": "^9.2.0", "signal-exit": "^4.1.0", "strip-final-newline": "^4.0.0", "yoctocolors": "^2.1.1" } }, "sha512-9Be3ZoN4LmYR90tUoVu2te2BsbzHfhJyfEiAVfz7N5/zv+jduIfLrV2xdQXOHbaD6KgpGdO9PRPM1Y4Q9QkPkA=="],

    "figures": ["figures@6.1.0", "", { "dependencies": { "is-unicode-supported": "^2.0.0" } }, "sha512-d+l3qxjSesT4V7v2fh+QnmFnUWv9lSpjarhShNTgBOfA0ttejbQUAlHLitbjkoRiDulW0OPoQPYIGhIC8ohejg=="],

    "follow-redirects": ["follow-redirects@1.15.11", "", {}, "sha512-deG2P0JfjrTxl50XGCDyfI97ZGVCxIpfKYmfyrQ54n5FO/0gfIES8C/Psl6kWVDolizcaaxZJnTS0QSMxvnsBQ=="],

    "form-data": ["form-data@4.0.5", "", { "dependencies": { "asynckit": "^0.4.0", "combined-stream": "^1.0.8", "es-set-tostringtag": "^2.1.0", "hasown": "^2.0.2", "mime-types": "^2.1.12" } }, "sha512-8RipRLol37bNs2bhoV67fiTEvdTrbMUYcFTiy3+wuuOnUog2QBHCZWXDRijWQfAkhBj2Uf5UnVaiWwA5vdd82w=="],

    "function-bind": ["function-bind@1.1.2", "", {}, "sha512-7XHNxH7qX9xG5mIwxkhumTox/MIRNcOgDrxWsMt2pAr23WHp6MrRlN7FBSFpCpr+oVO0F744iUgR82nJMfG2SA=="],

    "get-caller-file": ["get-caller-file@2.0.5", "", {}, "sha512-DyFP3BM/3YHTQOCUL/w0OZHR0lpKeGrxotcHWcqNEdnltqFwXVfhEBQ94eIo34AfQpo0rGki4cyIiftY06h2Fg=="],

    "get-east-asian-width": ["get-east-asian-width@1.4.0", "", {}, "sha512-QZjmEOC+IT1uk6Rx0sX22V6uHWVwbdbxf1faPqJ1QhLdGgsRGCZoyaQBm/piRdJy/D2um6hM1UP7ZEeQ4EkP+Q=="],

    "get-intrinsic": ["get-intrinsic@1.3.0", "", { "dependencies": { "call-bind-apply-helpers": "^1.0.2", "es-define-property": "^1.0.1", "es-errors": "^1.3.0", "es-object-atoms": "^1.1.1", "function-bind": "^1.1.2", "get-proto": "^1.0.1", "gopd": "^1.2.0", "has-symbols": "^1.1.0", "hasown": "^2.0.2", "math-intrinsics": "^1.1.0" } }, "sha512-9fSjSaos/fRIVIp+xSJlE6lfwhES7LNtKaCBIamHsjr2na1BiABJPo0mOjjz8GJDURarmCPGqaiVg5mfjb98CQ=="],

    "get-proto": ["get-proto@1.0.1", "", { "dependencies": { "dunder-proto": "^1.0.1", "es-object-atoms": "^1.0.0" } }, "sha512-sTSfBjoXBp89JvIKIefqw7U2CCebsc74kiY6awiGogKtoSGbgjYE/G/+l9sF3MWFPNc9IcoOC4ODfKHfxFmp0g=="],

    "get-stream": ["get-stream@9.0.1", "", { "dependencies": { "@sec-ant/readable-stream": "^0.4.1", "is-stream": "^4.0.1" } }, "sha512-kVCxPF3vQM/N0B1PmoqVUqgHP+EeVjmZSQn+1oCRPxd2P21P2F19lIgbR3HBosbB1PUhOAoctJnfEn2GbN2eZA=="],

    "glob": ["glob@13.0.2", "", { "dependencies": { "minimatch": "^10.1.2", "minipass": "^7.1.2", "path-scurry": "^2.0.0" } }, "sha512-035InabNu/c1lW0tzPhAgapKctblppqsKKG9ZaNzbr+gXwWMjXoiyGSyB9sArzrjG7jY+zntRq5ZSUYemrnWVQ=="],

    "gopd": ["gopd@1.2.0", "", {}, "sha512-ZUKRh6/kUFoAiTAtTYPZJ3hw9wNxx+BIBOijnlG9PnrJsCcSjs1wyyD6vJpaYtgnzDrKYRSqf3OO6Rfa93xsRg=="],

    "has-symbols": ["has-symbols@1.1.0", "", {}, "sha512-1cDNdwJ2Jaohmb3sg4OmKaMBwuC48sYni5HUw2DvsC8LjGTLK9h+eb1X6RyuOHe4hT0ULCW68iomhjUoKUqlPQ=="],

    "has-tostringtag": ["has-tostringtag@1.0.2", "", { "dependencies": { "has-symbols": "^1.0.3" } }, "sha512-NqADB8VjPFLM2V0VvHUewwwsw0ZWBaIdgo+ieHtK3hasLz4qeCRjYcqfB6AQrBggRKppKF8L52/VqdVsO47Dlw=="],

    "hasown": ["hasown@2.0.2", "", { "dependencies": { "function-bind": "^1.1.2" } }, "sha512-0hJU9SCPvmMzIBdZFqNPXWa6dqh7WdH0cII9y+CyS8rG3nL48Bclra9HmKhVVUHyPWNH5Y7xDwAB7bfgSjkUMQ=="],

    "human-signals": ["human-signals@8.0.1", "", {}, "sha512-eKCa6bwnJhvxj14kZk5NCPc6Hb6BdsU9DZcOnmQKSnO1VKrfV0zCvtttPZUsBvjmNDn8rpcJfpwSYnHBjc95MQ=="],

    "is-plain-obj": ["is-plain-obj@4.1.0", "", {}, "sha512-+Pgi+vMuUNkJyExiMBt5IlFoMyKnr5zhJ4Uspz58WOhBF5QoIZkFyNHIbBAtHwzVAgk5RtndVNsDRN61/mmDqg=="],

    "is-stream": ["is-stream@4.0.1", "", {}, "sha512-Dnz92NInDqYckGEUJv689RbRiTSEHCQ7wOVeALbkOz999YpqT46yMRIGtSNl2iCL1waAZSx40+h59NV/EwzV/A=="],

    "is-unicode-supported": ["is-unicode-supported@2.1.0", "", {}, "sha512-mE00Gnza5EEB3Ds0HfMyllZzbBrmLOX3vfWoj9A9PEnTfratQ/BcaJOuMhnkhjXvb2+FkY3VuHqtAGpTPmglFQ=="],

    "isexe": ["isexe@2.0.0", "", {}, "sha512-RHxMLp9lnKHGHRng9QFhRCMbYAcVpn69smSGcq3f36xjgVVWThj4qqLbTLlq7Ssj8B+fIQ1EuCEGI2lKsyQeIw=="],

    "lru-cache": ["lru-cache@11.2.6", "", {}, "sha512-ESL2CrkS/2wTPfuend7Zhkzo2u0daGJ/A2VucJOgQ/C48S/zB8MMeMHSGKYpXhIjbPxfuezITkaBH1wqv00DDQ=="],

    "math-intrinsics": ["math-intrinsics@1.1.0", "", {}, "sha512-/IXtbwEk5HTPyEwyKX6hGkYXxM9nbj64B+ilVJnC/R6B0pH5G4V3b0pVbL7DBj4tkhBAppbQUlf6F6Xl9LHu1g=="],

    "mime-db": ["mime-db@1.52.0", "", {}, "sha512-sPU4uV7dYlvtWJxwwxHD0PuihVNiE7TyAbQ5SWxDCB9mUYvOgroQOwYQQOKPJ8CIbE+1ETVlOoK1UC2nU3gYvg=="],

    "mime-types": ["mime-types@2.1.35", "", { "dependencies": { "mime-db": "1.52.0" } }, "sha512-ZDY+bPm5zTTF+YpCrAU9nK0UgICYPT0QtT1NZWFv4s++TNkcgVaT0g6+4R2uI4MjQjzysHB1zxuWL50hzaeXiw=="],

    "minimatch": ["minimatch@10.1.2", "", { "dependencies": { "@isaacs/brace-expansion": "^5.0.1" } }, "sha512-fu656aJ0n2kcXwsnwnv9g24tkU5uSmOlTjd6WyyaKm2Z+h1qmY6bAjrcaIxF/BslFqbZ8UBtbJi7KgQOZD2PTw=="],

    "minipass": ["minipass@7.1.2", "", {}, "sha512-qOOzS1cBTWYF4BH8fVePDBOO9iptMnGUEZwNc/cMWnTV2nVLZ7VoNWEPHkYczZA0pdoA7dl6e7FL659nX9S2aw=="],

    "npm-run-path": ["npm-run-path@6.0.0", "", { "dependencies": { "path-key": "^4.0.0", "unicorn-magic": "^0.3.0" } }, "sha512-9qny7Z9DsQU8Ou39ERsPU4OZQlSTP47ShQzuKZ6PRXpYLtIFgl/DEBYEXKlvcEa+9tHVcK8CF81Y2V72qaZhWA=="],

    "package-json-from-dist": ["package-json-from-dist@1.0.1", "", {}, "sha512-UEZIS3/by4OC8vL3P2dTXRETpebLI2NiI5vIrjaD/5UtrkFX/tNbwjTSRAGC/+7CAo2pIcBaRgWmcBBHcsaCIw=="],

    "parse-ms": ["parse-ms@4.0.0", "", {}, "sha512-TXfryirbmq34y8QBwgqCVLi+8oA3oWx2eAnSn62ITyEhEYaWRlVZ2DvMM9eZbMs/RfxPu/PK/aBLyGj4IrqMHw=="],

    "path-key": ["path-key@3.1.1", "", {}, "sha512-ojmeN0qd+y0jszEtoY48r0Peq5dwMEkIlCOu6Q5f41lfkswXuKtYrhgoTpLnyIcHm24Uhqx+5Tqm2InSwLhE6Q=="],

    "path-scurry": ["path-scurry@2.0.1", "", { "dependencies": { "lru-cache": "^11.0.0", "minipass": "^7.1.2" } }, "sha512-oWyT4gICAu+kaA7QWk/jvCHWarMKNs6pXOGWKDTr7cw4IGcUbW+PeTfbaQiLGheFRpjo6O9J0PmyMfQPjH71oA=="],

    "pretty-ms": ["pretty-ms@9.3.0", "", { "dependencies": { "parse-ms": "^4.0.0" } }, "sha512-gjVS5hOP+M3wMm5nmNOucbIrqudzs9v/57bWRHQWLYklXqoXKrVfYW2W9+glfGsqtPgpiz5WwyEEB+ksXIx3gQ=="],

    "proxy-from-env": ["proxy-from-env@1.1.0", "", {}, "sha512-D+zkORCbA9f1tdWRK0RaCR3GPv50cMxcrz4X8k5LTSUD1Dkw47mKJEZQNunItRTkWwgtaUSo1RVFRIG9ZXiFYg=="],

    "rimraf": ["rimraf@6.1.2", "", { "dependencies": { "glob": "^13.0.0", "package-json-from-dist": "^1.0.1" }, "bin": { "rimraf": "dist/esm/bin.mjs" } }, "sha512-cFCkPslJv7BAXJsYlK1dZsbP8/ZNLkCAQ0bi1hf5EKX2QHegmDFEFA6QhuYJlk7UDdc+02JjO80YSOrWPpw06g=="],

    "rust-just": ["rust-just@1.46.0", "", { "dependencies": { "execa": "^9.6.0", "yargs": "^18.0.0" }, "optionalDependencies": { "rust-just-darwin-arm64": "1.46.0", "rust-just-darwin-x64": "1.46.0", "rust-just-linux-arm": "1.46.0", "rust-just-linux-arm64": "1.46.0", "rust-just-linux-x64": "1.46.0", "rust-just-windows-arm64": "1.46.0", "rust-just-windows-x64": "1.46.0" }, "bin": { "just": "lib/index.mjs", "rust-just": "lib/index.mjs" } }, "sha512-uKev9GStZKWN4znxzTMsIkdqz8Ykt79fmjGV479tvUV8tquGyXaJyM5EW70sDGSU/lVu4AMg+Q1irfAwWsYFDA=="],

    "rust-just-darwin-arm64": ["rust-just-darwin-arm64@1.46.0", "", { "os": "darwin", "cpu": "arm64" }, "sha512-HBNv8T1wcKHtf/z+CQoLUmPrpJEj8VcUjsga829Gvb6FQcSFEYa4/kSXtacyokrSTZmwxGR/TGSOHFRgq0yHKw=="],

    "rust-just-darwin-x64": ["rust-just-darwin-x64@1.46.0", "", { "os": "darwin", "cpu": "x64" }, "sha512-jkNF+59LYDzSqOCtyku8t+8Pc85xdLxXX0Axnt/if39xN0CeGvDxniefTFJcvAIrVm25HBArunpMkYoWgTKSkA=="],

    "rust-just-linux-arm": ["rust-just-linux-arm@1.46.0", "", { "os": "linux", "cpu": "arm" }, "sha512-x7kO/cPbQg02R0xP4Uy3USlhaVRHuOfCj7jEofkL5hyiLcr+NnVG4Nqph1jTD6roGTc1V6ZtH0LM8y3tWqXn6A=="],

    "rust-just-linux-arm64": ["rust-just-linux-arm64@1.46.0", "", { "os": "linux", "cpu": "arm64" }, "sha512-bZuHO1rz+a/ORm8YyLGW4HUxgxR4a6LexeltC/mqAk2YwT8+wHPngoFOzi4Y8/UJopMzZo5L7wUE3F03cuyNPQ=="],

    "rust-just-linux-x64": ["rust-just-linux-x64@1.46.0", "", { "os": "linux", "cpu": "x64" }, "sha512-glh7tcuixwhWAnE8IZc1HxQxrMqN9xK1UCk4a6TnUWUyQT6WVhvdQXOQieNpSvZ8Idlc35p0j6/bhQi6G79wag=="],

    "rust-just-windows-arm64": ["rust-just-windows-arm64@1.46.0", "", { "os": "win32", "cpu": "arm64" }, "sha512-rIk8dbxzo7cyKu1hSzvcGMkb6CfwN/MnFGts5e8z//pNi0G0sGoMoHX4e1OMNNbJCXn+kQTWwK/hUayFUUDb/A=="],

    "rust-just-windows-x64": ["rust-just-windows-x64@1.46.0", "", { "os": "win32", "cpu": "x64" }, "sha512-zds5x/DzVELbf4uGyQDo5vuzKTGwCPbTQH/B9k9pP2vFp0HTQkwMORdQ4a7znUWvNzARQ44NMoXn0Du0m0Bi9Q=="],

    "shebang-command": ["shebang-command@2.0.0", "", { "dependencies": { "shebang-regex": "^3.0.0" } }, "sha512-kHxr2zZpYtdmrN1qDjrrX/Z1rR1kG8Dx+gkpK1G4eXmvXswmcE1hTWBWYUzlraYw1/yZp6YuDY77YtvbN0dmDA=="],

    "shebang-regex": ["shebang-regex@3.0.0", "", {}, "sha512-7++dFhtcx3353uBaq8DDR4NuxBetBzC7ZQOhmTQInHEd6bSrXdiEyzCvG07Z44UYdLShWUyXt5M/yhz8ekcb1A=="],

    "signal-exit": ["signal-exit@4.1.0", "", {}, "sha512-bzyZ1e88w9O1iNJbKnOlvYTrWPDl46O1bG0D3XInv+9tkPrxrN8jUUTiFlDkkmKWgn1M6CfIA13SuGqOa9Korw=="],

    "string-width": ["string-width@7.2.0", "", { "dependencies": { "emoji-regex": "^10.3.0", "get-east-asian-width": "^1.0.0", "strip-ansi": "^7.1.0" } }, "sha512-tsaTIkKW9b4N+AEj+SVA+WhJzV7/zMhcSu78mLKWSk7cXMOSHsBKFWUs0fWwq8QyK3MgJBQRX6Gbi4kYbdvGkQ=="],

    "strip-ansi": ["strip-ansi@7.1.2", "", { "dependencies": { "ansi-regex": "^6.0.1" } }, "sha512-gmBGslpoQJtgnMAvOVqGZpEz9dyoKTCzy2nfz/n8aIFhN/jCE/rCmcxabB6jOOHV+0WNnylOxaxBQPSvcWklhA=="],

    "strip-final-newline": ["strip-final-newline@4.0.0", "", {}, "sha512-aulFJcD6YK8V1G7iRB5tigAP4TsHBZZrOV8pjV++zdUwmeV8uzbY7yn6h9MswN62adStNZFuCIx4haBnRuMDaw=="],

    "tunnel": ["tunnel@0.0.6", "", {}, "sha512-1h/Lnq9yajKY2PEbBadPXj3VxsDDu844OnaAo52UVmIzIvwwtBPIuNvkjuzBlTWpfJyUbG3ez0KSBibQkj4ojg=="],

    "unicorn-magic": ["unicorn-magic@0.3.0", "", {}, "sha512-+QBBXBCvifc56fsbuxZQ6Sic3wqqc3WWaqxs58gvJrcOuN83HGTCwz3oS5phzU9LthRNE9VrJCFCLUgHeeFnfA=="],

    "wcwidth": ["wcwidth@1.0.1", "", { "dependencies": { "defaults": "^1.0.3" } }, "sha512-XHPEwS0q6TaxcvG85+8EYkbiCux2XtWG2mkc47Ng2A77BQu9+DqIOJldST4HgPkuea7dvKSj5VgX3P1d4rW8Tg=="],

    "which": ["which@2.0.2", "", { "dependencies": { "isexe": "^2.0.0" }, "bin": { "node-which": "./bin/node-which" } }, "sha512-BLI3Tl1TW3Pvl70l3yq3Y64i+awpwXqsGBYWkkqMtnbXgrMD+yj7rhW0kuEDxzJaYXGjEW5ogapKNMEKNMjibA=="],

    "wrap-ansi": ["wrap-ansi@9.0.2", "", { "dependencies": { "ansi-styles": "^6.2.1", "string-width": "^7.0.0", "strip-ansi": "^7.1.0" } }, "sha512-42AtmgqjV+X1VpdOfyTGOYRi0/zsoLqtXQckTmqTeybT+BDIbM/Guxo7x3pE2vtpr1ok6xRqM9OpBe+Jyoqyww=="],

    "y18n": ["y18n@5.0.8", "", {}, "sha512-0pfFzegeDWJHJIAmTLRP2DwHjdF5s7jo9tuztdQxAhINCdvS+3nGINqPd00AphqJR/0LhANUS6/+7SCb98YOfA=="],

    "yargs": ["yargs@18.0.0", "", { "dependencies": { "cliui": "^9.0.1", "escalade": "^3.1.1", "get-caller-file": "^2.0.5", "string-width": "^7.2.0", "y18n": "^5.0.5", "yargs-parser": "^22.0.0" } }, "sha512-4UEqdc2RYGHZc7Doyqkrqiln3p9X2DZVxaGbwhn2pi7MrRagKaOcIKe8L3OxYcbhXLgLFUS3zAYuQjKBQgmuNg=="],

    "yargs-parser": ["yargs-parser@22.0.0", "", {}, "sha512-rwu/ClNdSMpkSrUb+d6BRsSkLUq1fmfsY6TOpYzTwvwkg1/NRG85KBy3kq++A8LKQwX6lsu+aWad+2khvuXrqw=="],

    "yoctocolors": ["yoctocolors@2.1.2", "", {}, "sha512-CzhO+pFNo8ajLM2d2IW/R93ipy99LWjtwblvC1RsoSUMZgyLbYFr221TnSNT7GjGdYui6P459mw9JH/g/zW2ug=="],

    "npm-run-path/path-key": ["path-key@4.0.0", "", {}, "sha512-haREypq7xkM7ErfgIyA0z+Bj4AGKlMSdlQE2jvJo6huWD1EdkKYV+G/T4nq0YEF2vgTT8kqMFKo1uHn950r4SQ=="],
  }
}
